
Microsoft Visual Studio Solution File, Format Version 12.00
# Visual Studio 15
VisualStudioVersion = 15.0.28307.757
MinimumVisualStudioVersion = 10.0.40219.1
Project("{9A19103F-16F7-4668-BE54-9A1E7A4F7556}") = "TND_Microservice", "TND_Microservice\TND_Microservice.csproj", "{73939D7A-76A3-4AB0-9FBD-AEEB494A37A0}"
EndProject
Project("{E53339B2-1760-4266-BCC7-CA923CBCF16C}") = "docker-compose", "docker-compose.dcproj", "{706FA57C-BB83-4216-91D8-56E4AEA9141B}"
EndProject
Global
	GlobalSection(SolutionConfigurationPlatforms) = preSolution
		Debug|Any CPU = Debug|Any CPU
		Release|Any CPU = Release|Any CPU
	EndGlobalSection
	GlobalSection(ProjectConfigurationPlatforms) = postSolution
		{73939D7A-76A3-4AB0-9FBD-AEEB494A37A0}.Debug|Any CPU.ActiveCfg = Debug|Any CPU
		{73939D7A-76A3-4AB0-9FBD-AEEB494A37A0}.Debug|Any CPU.Build.0 = Debug|Any CPU
		{73939D7A-76A3-4AB0-9FBD-AEEB494A37A0}.Release|Any CPU.ActiveCfg = Release|Any CPU
		{73939D7A-76A3-4AB0-9FBD-AEEB494A37A0}.Release|Any CPU.Build.0 = Release|Any CPU
		{706FA57C-BB83-4216-91D8-56E4AEA9141B}.Debug|Any CPU.ActiveCfg = Debug|Any CPU
		{706FA57C-BB83-4216-91D8-56E4AEA9141B}.Debug|Any CPU.Build.0 = Debug|Any CPU
		{706FA57C-BB83-4216-91D8-56E4AEA9141B}.Release|Any CPU.ActiveCfg = Release|Any CPU
		{706FA57C-BB83-4216-91D8-56E4AEA9141B}.Release|Any CPU.Build.0 = Release|Any CPU
	EndGlobalSection
	GlobalSection(SolutionProperties) = preSolution
		HideSolutionNode = FALSE
	EndGlobalSection
	GlobalSection(ExtensibilityGlobals) = postSolution
		SolutionGuid = {6B95E0C2-1626-423D-88EE-9DFADF9D1E33}
	EndGlobalSection
EndGlobal
